
Microsoft Visual Studio Solution File, Format Version 12.00
# Visual Studio Version 17
VisualStudioVersion = 17.5.002.0
MinimumVisualStudioVersion = 10.0.40219.1
Project("{9A19103F-16F7-4668-BE54-9A1E7A4F7556}") = "pedidosfarmaciaa", "pedidosfarmaciaa.csproj", "{C28611AE-5D17-4A8F-B06A-6F8D6503A34D}"
EndProject
Global
	GlobalSection(SolutionConfigurationPlatforms) = preSolution
		Debug|Any CPU = Debug|Any CPU
		Release|Any CPU = Release|Any CPU
	EndGlobalSection
	GlobalSection(ProjectConfigurationPlatforms) = postSolution
		{C28611AE-5D17-4A8F-B06A-6F8D6503A34D}.Debug|Any CPU.ActiveCfg = Debug|Any CPU
		{C28611AE-5D17-4A8F-B06A-6F8D6503A34D}.Debug|Any CPU.Build.0 = Debug|Any CPU
		{C28611AE-5D17-4A8F-B06A-6F8D6503A34D}.Release|Any CPU.ActiveCfg = Release|Any CPU
		{C28611AE-5D17-4A8F-B06A-6F8D6503A34D}.Release|Any CPU.Build.0 = Release|Any CPU
	EndGlobalSection
	GlobalSection(SolutionProperties) = preSolution
		HideSolutionNode = FALSE
	EndGlobalSection
	GlobalSection(ExtensibilityGlobals) = postSolution
		SolutionGuid = {4C8F54A7-AA4D-430F-9490-23FDBCEC29AE}
	EndGlobalSection
EndGlobal
